
Microsoft Visual Studio Solution File, Format Version 12.00
# Visual Studio Version 16
VisualStudioVersion = 16.0.30503.244
MinimumVisualStudioVersion = 10.0.40219.1
Project("{FAE04EC0-301F-11D3-BF4B-00C04F79EFBC}") = "LEAP-ControlPanel", "LEAP-ControlPanel.csproj", "{7A611725-27CB-4242-921C-846128DE1523}"
EndProject
Global
	GlobalSection(SolutionConfigurationPlatforms) = preSolution
		Debug|Any CPU = Debug|Any CPU
		Release|Any CPU = Release|Any CPU
	EndGlobalSection
	GlobalSection(ProjectConfigurationPlatforms) = postSolution
		{7A611725-27CB-4242-921C-846128DE1523}.Debug|Any CPU.ActiveCfg = Debug|Any CPU
		{7A611725-27CB-4242-921C-846128DE1523}.Debug|Any CPU.Build.0 = Debug|Any CPU
		{7A611725-27CB-4242-921C-846128DE1523}.Release|Any CPU.ActiveCfg = Release|Any CPU
		{7A611725-27CB-4242-921C-846128DE1523}.Release|Any CPU.Build.0 = Release|Any CPU
	EndGlobalSection
	GlobalSection(SolutionProperties) = preSolution
		HideSolutionNode = FALSE
	EndGlobalSection
	GlobalSection(ExtensibilityGlobals) = postSolution
		SolutionGuid = {603EC383-C02C-4AC3-8D52-4852D8431B22}
	EndGlobalSection
EndGlobal
